# THIS IS AN AUTOGENERATED FILE. DO NOT EDIT THIS FILE DIRECTLY.
# yarn lockfile v1


"@types/node@^12.12.8":
  version "12.12.8"
  resolved "https://registry.yarnpkg.com/@types/node/-/node-12.12.8.tgz#dab418655af39ce2fa99286a0bed21ef8072ac9d"
  integrity sha512-XLla8N+iyfjvsa0KKV+BP/iGSoTmwxsu5Ci5sM33z9TjohF72DEz95iNvD6pPmemvbQgxAv/909G73gUn8QR7w==

jsonc-parser@^2.1.1:
  version "2.1.1"
  resolved "https://registry.yarnpkg.com/jsonc-parser/-/jsonc-parser-2.1.1.tgz#83dc3d7a6e7186346b889b1280eefa04446c6d3e"
  integrity sha512-VC0CjnWJylKB1iov4u76/W/5Ef0ydDkjtYWxoZ9t3HdWlSnZQwZL5MgFikaB/EtQ4RmMEw3tmQzuYnZA2/Ja1g==

vscode-nls@^4.0.0:
  version "4.0.0"
  resolved "https://registry.yarnpkg.com/vscode-nls/-/vscode-nls-4.0.0.tgz#4001c8a6caba5cedb23a9c5ce1090395c0e44002"
  integrity sha512-qCfdzcH+0LgQnBpZA53bA32kzp9rpq/f66Som577ObeuDlFIrtbEJ+A/+CCxjIh4G8dpJYNCKIsxpRAHIfsbNw==
