# THIS IS AN AUTOGENERATED FILE. DO NOT EDIT THIS FILE DIRECTLY.
# yarn lockfile v1


"@types/node@^12.11.7":
  version "12.11.7"
  resolved "https://registry.yarnpkg.com/@types/node/-/node-12.11.7.tgz#57682a9771a3f7b09c2497f28129a0462966524a"
  integrity sha512-JNbGaHFCLwgHn/iCckiGSOZ1XYHsKFwREtzPwSGCVld1SGhOlmZw2D4ZI94HQCrBHbADzW9m4LER/8olJTRGHA==

semver@^6.3.0:
  version "6.3.0"
  resolved "https://registry.yarnpkg.com/semver/-/semver-6.3.0.tgz#ee0a64c8af5e8ceea67687b133761e1becbd1d3d"
  integrity sha512-b39TBaTSfV6yBrapU89p5fKekE2m/NwnDocOVruQFS1/veMgdzuPcnOM34M6CwxW8jH/lxEa5rBoDeUwu5HHTw==

vscode-extension-telemetry@0.4.5:
  version "0.4.5"
  resolved "https://registry.yarnpkg.com/vscode-extension-telemetry/-/vscode-extension-telemetry-0.4.5.tgz#1957d5a8b0cd6ad9a79d4f260fe037fbf98732bb"
  integrity sha512-YhPiPcelqM5xyYWmD46jIcsxLYWkPZhAxlBkzqmpa218fMtTT17ERdOZVCXcs1S5AjvDHlq43yCgi8TaVQjjEg==

vscode-jsonrpc@^5.0.0-next.2:
  version "5.0.0-next.2"
  resolved "https://registry.yarnpkg.com/vscode-jsonrpc/-/vscode-jsonrpc-5.0.0-next.2.tgz#a44bc03f67069e53f8d8beb88b96c0cacbfefbca"
  integrity sha512-Q3/jabZUNviCG9hhF6hHWjhrABevPF9mv0aiE2j8BYCAP2k+aHTpjMyk+04MzaAqWYwXdQuZkLSbcYCCqbzJLg==

vscode-languageclient@^6.0.0-next.3:
  version "6.0.0-next.3"
  resolved "https://registry.yarnpkg.com/vscode-languageclient/-/vscode-languageclient-6.0.0-next.3.tgz#41b701d963fc7affc01e9279532a747fcd4f3810"
  integrity sha512-SuSaG9xjqkROm4Ie0jQig0CFDuU/WxHERegl3kRsFHDbhMSK4dH45ZeBY5zMWUgZ+LrIrEbwf8qWNlrTRBlUgg==
  dependencies:
    semver "^6.3.0"
    vscode-languageserver-protocol "^3.15.0-next.10"

vscode-languageserver-protocol@^3.15.0-next.10:
  version "3.15.0-next.10"
  resolved "https://registry.yarnpkg.com/vscode-languageserver-protocol/-/vscode-languageserver-protocol-3.15.0-next.10.tgz#f1382f0c270ae5d0c2c7e552483285fb75810914"
  integrity sha512-TmbBhKrBoYNX+/pQGwoXmy2qlOfjGBUhwUGIzQoWpj8qtDzYuLof8bi19rGLZ9sVuSHh3anvIyVpGJEqT0QODQ==
  dependencies:
    vscode-jsonrpc "^5.0.0-next.2"
    vscode-languageserver-types "^3.15.0-next.6"

vscode-languageserver-types@^3.15.0-next.6:
  version "3.15.0-next.6"
  resolved "https://registry.yarnpkg.com/vscode-languageserver-types/-/vscode-languageserver-types-3.15.0-next.6.tgz#7a990d00c39ad4e744335afb4cc422a3e687ff25"
  integrity sha512-+4jfvmZ26oFMSX6EgPRB75PWHoT8pzyWuSSWk0erC4hTzmJq2gWxVLh20bZutZjMmiivawvPshtM3XZhX2SttA==

vscode-nls@^4.1.1:
  version "4.1.1"
  resolved "https://registry.yarnpkg.com/vscode-nls/-/vscode-nls-4.1.1.tgz#f9916b64e4947b20322defb1e676a495861f133c"
  integrity sha512-4R+2UoUUU/LdnMnFjePxfLqNhBS8lrAFyX7pjb2ud/lqDkrUavFUTcG7wR0HBZFakae0Q6KLBFjMS6W93F403A==
